// !$*UTF8*$!
{
	archiveVersion = 1;
	classes = {
	};
	objectVersion = 56;
	objects = {

/* Begin PBXBuildFile section */
		5D624417D3C73182B844BBC0 /* Pods_DB_M3_FirestoreAuth.framework in Frameworks */ = {isa = PBXBuildFile; fileRef = 7981512E8943E2E22F805D8D /* Pods_DB_M3_FirestoreAuth.framework */; };
		F1C31E482A0756DE007CE75A /* DB_M3_FirestoreAuthApp.swift in Sources */ = {isa = PBXBuildFile; fileRef = F1C31E472A0756DE007CE75A /* DB_M3_FirestoreAuthApp.swift */; };
		F1C31E4A2A0756DE007CE75A /* ContentView.swift in Sources */ = {isa = PBXBuildFile; fileRef = F1C31E492A0756DE007CE75A /* ContentView.swift */; };
		F1C31E4C2A0756DF007CE75A /* Assets.xcassets in Resources */ = {isa = PBXBuildFile; fileRef = F1C31E4B2A0756DF007CE75A /* Assets.xcassets */; };
		F1C31E4F2A0756DF007CE75A /* Preview Assets.xcassets in Resources */ = {isa = PBXBuildFile; fileRef = F1C31E4E2A0756DF007CE75A /* Preview Assets.xcassets */; };
		F1C31E562A07587D007CE75A /* GoogleService-Info.plist in Resources */ = {isa = PBXBuildFile; fileRef = F1C31E552A07587D007CE75A /* GoogleService-Info.plist */; };
		F1C31E5A2A0861EE007CE75A /* LaunchView.swift in Sources */ = {isa = PBXBuildFile; fileRef = F1C31E592A0861EE007CE75A /* LaunchView.swift */; };
		F1C31E5C2A0AFE65007CE75A /* LoginForm.swift in Sources */ = {isa = PBXBuildFile; fileRef = F1C31E5B2A0AFE65007CE75A /* LoginForm.swift */; };
		F1C31E5E2A0B4A2D007CE75A /* CreateAccount.swift in Sources */ = {isa = PBXBuildFile; fileRef = F1C31E5D2A0B4A2D007CE75A /* CreateAccount.swift */; };
/* End PBXBuildFile section */

/* Begin PBXFileReference section */
		7708EBD904601268CE84C294 /* Pods-DB_M3_FirestoreAuth.debug.xcconfig */ = {isa = PBXFileReference; includeInIndex = 1; lastKnownFileType = text.xcconfig; name = "Pods-DB_M3_FirestoreAuth.debug.xcconfig"; path = "Target Support Files/Pods-DB_M3_FirestoreAuth/Pods-DB_M3_FirestoreAuth.debug.xcconfig"; sourceTree = "<group>"; };
		78218953B70ED613E8252D4F /* Pods-DB_M3_FirestoreAuth.release.xcconfig */ = {isa = PBXFileReference; includeInIndex = 1; lastKnownFileType = text.xcconfig; name = "Pods-DB_M3_FirestoreAuth.release.xcconfig"; path = "Target Support Files/Pods-DB_M3_FirestoreAuth/Pods-DB_M3_FirestoreAuth.release.xcconfig"; sourceTree = "<group>"; };
		7981512E8943E2E22F805D8D /* Pods_DB_M3_FirestoreAuth.framework */ = {isa = PBXFileReference; explicitFileType = wrapper.framework; includeInIndex = 0; path = Pods_DB_M3_FirestoreAuth.framework; sourceTree = BUILT_PRODUCTS_DIR; };
		F1C31E442A0756DE007CE75A /* DB_M3_FirestoreAuth.app */ = {isa = PBXFileReference; explicitFileType = wrapper.application; includeInIndex = 0; path = DB_M3_FirestoreAuth.app; sourceTree = BUILT_PRODUCTS_DIR; };
		F1C31E472A0756DE007CE75A /* DB_M3_FirestoreAuthApp.swift */ = {isa = PBXFileReference; lastKnownFileType = sourcecode.swift; path = DB_M3_FirestoreAuthApp.swift; sourceTree = "<group>"; };
		F1C31E492A0756DE007CE75A /* ContentView.swift */ = {isa = PBXFileReference; lastKnownFileType = sourcecode.swift; path = ContentView.swift; sourceTree = "<group>"; };
		F1C31E4B2A0756DF007CE75A /* Assets.xcassets */ = {isa = PBXFileReference; lastKnownFileType = folder.assetcatalog; path = Assets.xcassets; sourceTree = "<group>"; };
		F1C31E4E2A0756DF007CE75A /* Preview Assets.xcassets */ = {isa = PBXFileReference; lastKnownFileType = folder.assetcatalog; path = "Preview Assets.xcassets"; sourceTree = "<group>"; };
		F1C31E552A07587D007CE75A /* GoogleService-Info.plist */ = {isa = PBXFileReference; lastKnownFileType = text.plist; path = "GoogleService-Info.plist"; sourceTree = SOURCE_ROOT; };
		F1C31E592A0861EE007CE75A /* LaunchView.swift */ = {isa = PBXFileReference; lastKnownFileType = sourcecode.swift; path = LaunchView.swift; sourceTree = "<group>"; };
		F1C31E5B2A0AFE65007CE75A /* LoginForm.swift */ = {isa = PBXFileReference; lastKnownFileType = sourcecode.swift; path = LoginForm.swift; sourceTree = "<group>"; };
		F1C31E5D2A0B4A2D007CE75A /* CreateAccount.swift */ = {isa = PBXFileReference; lastKnownFileType = sourcecode.swift; path = CreateAccount.swift; sourceTree = "<group>"; };
/* End PBXFileReference section */

/* Begin PBXFrameworksBuildPhase section */
		F1C31E412A0756DE007CE75A /* Frameworks */ = {
			isa = PBXFrameworksBuildPhase;
			buildActionMask = 2147483647;
			files = (
				5D624417D3C73182B844BBC0 /* Pods_DB_M3_FirestoreAuth.framework in Frameworks */,
			);
			runOnlyForDeploymentPostprocessing = 0;
		};
/* End PBXFrameworksBuildPhase section */

/* Begin PBXGroup section */
		8D0C410A6A9010684AE48CAF /* Pods */ = {
			isa = PBXGroup;
			children = (
				7708EBD904601268CE84C294 /* Pods-DB_M3_FirestoreAuth.debug.xcconfig */,
				78218953B70ED613E8252D4F /* Pods-DB_M3_FirestoreAuth.release.xcconfig */,
			);
			path = Pods;
			sourceTree = "<group>";
		};
		CEDC72B2AB5F137E9369A529 /* Frameworks */ = {
			isa = PBXGroup;
			children = (
				7981512E8943E2E22F805D8D /* Pods_DB_M3_FirestoreAuth.framework */,
			);
			name = Frameworks;
			sourceTree = "<group>";
		};
		F1C31E3B2A0756DE007CE75A = {
			isa = PBXGroup;
			children = (
				F1C31E462A0756DE007CE75A /* DB_M3_FirestoreAuth */,
				F1C31E452A0756DE007CE75A /* Products */,
				8D0C410A6A9010684AE48CAF /* Pods */,
				CEDC72B2AB5F137E9369A529 /* Frameworks */,
			);
			sourceTree = "<group>";
		};
		F1C31E452A0756DE007CE75A /* Products */ = {
			isa = PBXGroup;
			children = (
				F1C31E442A0756DE007CE75A /* DB_M3_FirestoreAuth.app */,
			);
			name = Products;
			sourceTree = "<group>";
		};
		F1C31E462A0756DE007CE75A /* DB_M3_FirestoreAuth */ = {
			isa = PBXGroup;
			children = (
				F1C31E552A07587D007CE75A /* GoogleService-Info.plist */,
				F1C31E592A0861EE007CE75A /* LaunchView.swift */,
				F1C31E472A0756DE007CE75A /* DB_M3_FirestoreAuthApp.swift */,
				F1C31E5B2A0AFE65007CE75A /* LoginForm.swift */,
				F1C31E492A0756DE007CE75A /* ContentView.swift */,
				F1C31E4B2A0756DF007CE75A /* Assets.xcassets */,
				F1C31E4D2A0756DF007CE75A /* Preview Content */,
				F1C31E5D2A0B4A2D007CE75A /* CreateAccount.swift */,
			);
			path = DB_M3_FirestoreAuth;
			sourceTree = "<group>";
		};
		F1C31E4D2A0756DF007CE75A /* Preview Content */ = {
			isa = PBXGroup;
			children = (
				F1C31E4E2A0756DF007CE75A /* Preview Assets.xcassets */,
			);
			path = "Preview Content";
			sourceTree = "<group>";
		};
/* End PBXGroup section */

/* Begin PBXNativeTarget section */
		F1C31E432A0756DE007CE75A /* DB_M3_FirestoreAuth */ = {
			isa = PBXNativeTarget;
			buildConfigurationList = F1C31E522A0756DF007CE75A /* Build configuration list for PBXNativeTarget "DB_M3_FirestoreAuth" */;
			buildPhases = (
				42F68A6A8479642B4B655DBA /* [CP] Check Pods Manifest.lock */,
				F1C31E402A0756DE007CE75A /* Sources */,
				F1C31E412A0756DE007CE75A /* Frameworks */,
				F1C31E422A0756DE007CE75A /* Resources */,
				6854A1277BFD50972D0CF2D2 /* [CP] Embed Pods Frameworks */,
			);
			buildRules = (
			);
			dependencies = (
			);
			name = DB_M3_FirestoreAuth;
			productName = DB_M3_FirestoreAuth;
			productReference = F1C31E442A0756DE007CE75A /* DB_M3_FirestoreAuth.app */;
			productType = "com.apple.product-type.application";
		};
/* End PBXNativeTarget section */

/* Begin PBXProject section */
		F1C31E3C2A0756DE007CE75A /* Project object */ = {
			isa = PBXProject;
			attributes = {
				BuildIndependentTargetsInParallel = 1;
				LastSwiftUpdateCheck = 1420;
				LastUpgradeCheck = 1420;
				TargetAttributes = {
					F1C31E432A0756DE007CE75A = {
						CreatedOnToolsVersion = 14.2;
					};
				};
			};
			buildConfigurationList = F1C31E3F2A0756DE007CE75A /* Build configuration list for PBXProject "DB_M3_FirestoreAuth" */;
			compatibilityVersion = "Xcode 14.0";
			developmentRegion = en;
			hasScannedForEncodings = 0;
			knownRegions = (
				en,
				Base,
			);
			mainGroup = F1C31E3B2A0756DE007CE75A;
			productRefGroup = F1C31E452A0756DE007CE75A /* Products */;
			projectDirPath = "";
			projectRoot = "";
			targets = (
				F1C31E432A0756DE007CE75A /* DB_M3_FirestoreAuth */,
			);
		};
/* End PBXProject section */

/* Begin PBXResourcesBuildPhase section */
		F1C31E422A0756DE007CE75A /* Resources */ = {
			isa = PBXResourcesBuildPhase;
			buildActionMask = 2147483647;
			files = (
				F1C31E4F2A0756DF007CE75A /* Preview Assets.xcassets in Resources */,
				F1C31E4C2A0756DF007CE75A /* Assets.xcassets in Resources */,
				F1C31E562A07587D007CE75A /* GoogleService-Info.plist in Resources */,
			);
			runOnlyForDeploymentPostprocessing = 0;
		};
/* End PBXResourcesBuildPhase section */

/* Begin PBXShellScriptBuildPhase section */
		42F68A6A8479642B4B655DBA /* [CP] Check Pods Manifest.lock */ = {
			isa = PBXShellScriptBuildPhase;
			buildActionMask = 2147483647;
			files = (
			);
			inputFileListPaths = (
			);
			inputPaths = (
				"${PODS_PODFILE_DIR_PATH}/Podfile.lock",
				"${PODS_ROOT}/Manifest.lock",
			);
			name = "[CP] Check Pods Manifest.lock";
			outputFileListPaths = (
			);
			outputPaths = (
				"$(DERIVED_FILE_DIR)/Pods-DB_M3_FirestoreAuth-checkManifestLockResult.txt",
			);
			runOnlyForDeploymentPostprocessing = 0;
			shellPath = /bin/sh;
			shellScript = "diff \"${PODS_PODFILE_DIR_PATH}/Podfile.lock\" \"${PODS_ROOT}/Manifest.lock\" > /dev/null\nif [ $? != 0 ] ; then\n    # print error to STDERR\n    echo \"error: The sandbox is not in sync with the Podfile.lock. Run 'pod install' or update your CocoaPods installation.\" >&2\n    exit 1\nfi\n# This output is used by Xcode 'outputs' to avoid re-running this script phase.\necho \"SUCCESS\" > \"${SCRIPT_OUTPUT_FILE_0}\"\n";
			showEnvVarsInLog = 0;
		};
		6854A1277BFD50972D0CF2D2 /* [CP] Embed Pods Frameworks */ = {
			isa = PBXShellScriptBuildPhase;
			buildActionMask = 2147483647;
			files = (
			);
			inputFileListPaths = (
				"${PODS_ROOT}/Target Support Files/Pods-DB_M3_FirestoreAuth/Pods-DB_M3_FirestoreAuth-frameworks-${CONFIGURATION}-input-files.xcfilelist",
			);
			name = "[CP] Embed Pods Frameworks";
			outputFileListPaths = (
				"${PODS_ROOT}/Target Support Files/Pods-DB_M3_FirestoreAuth/Pods-DB_M3_FirestoreAuth-frameworks-${CONFIGURATION}-output-files.xcfilelist",
			);
			runOnlyForDeploymentPostprocessing = 0;
			shellPath = /bin/sh;
			shellScript = "\"${PODS_ROOT}/Target Support Files/Pods-DB_M3_FirestoreAuth/Pods-DB_M3_FirestoreAuth-frameworks.sh\"\n";
			showEnvVarsInLog = 0;
		};
/* End PBXShellScriptBuildPhase section */

/* Begin PBXSourcesBuildPhase section */
		F1C31E402A0756DE007CE75A /* Sources */ = {
			isa = PBXSourcesBuildPhase;
			buildActionMask = 2147483647;
			files = (
				F1C31E4A2A0756DE007CE75A /* ContentView.swift in Sources */,
				F1C31E5A2A0861EE007CE75A /* LaunchView.swift in Sources */,
				F1C31E5E2A0B4A2D007CE75A /* CreateAccount.swift in Sources */,
				F1C31E482A0756DE007CE75A /* DB_M3_FirestoreAuthApp.swift in Sources */,
				F1C31E5C2A0AFE65007CE75A /* LoginForm.swift in Sources */,
			);
			runOnlyForDeploymentPostprocessing = 0;
		};
/* End PBXSourcesBuildPhase section */

/* Begin XCBuildConfiguration section */
		F1C31E502A0756DF007CE75A /* Debug */ = {
			isa = XCBuildConfiguration;
			buildSettings = {
				ALWAYS_SEARCH_USER_PATHS = NO;
				CLANG_ANALYZER_NONNULL = YES;
				CLANG_ANALYZER_NUMBER_OBJECT_CONVERSION = YES_AGGRESSIVE;
				CLANG_CXX_LANGUAGE_STANDARD = "gnu++20";
				CLANG_ENABLE_MODULES = YES;
				CLANG_ENABLE_OBJC_ARC = YES;
				CLANG_ENABLE_OBJC_WEAK = YES;
				CLANG_WARN_BLOCK_CAPTURE_AUTORELEASING = YES;
				CLANG_WARN_BOOL_CONVERSION = YES;
				CLANG_WARN_COMMA = YES;
				CLANG_WARN_CONSTANT_CONVERSION = YES;
				CLANG_WARN_DEPRECATED_OBJC_IMPLEMENTATIONS = YES;
				CLANG_WARN_DIRECT_OBJC_ISA_USAGE = YES_ERROR;
				CLANG_WARN_DOCUMENTATION_COMMENTS = YES;
				CLANG_WARN_EMPTY_BODY = YES;
				CLANG_WARN_ENUM_CONVERSION = YES;
				CLANG_WARN_INFINITE_RECURSION = YES;
				CLANG_WARN_INT_CONVERSION = YES;
				CLANG_WARN_NON_LITERAL_NULL_CONVERSION = YES;
				CLANG_WARN_OBJC_IMPLICIT_RETAIN_SELF = YES;
				CLANG_WARN_OBJC_LITERAL_CONVERSION = YES;
				CLANG_WARN_OBJC_ROOT_CLASS = YES_ERROR;
				CLANG_WARN_QUOTED_INCLUDE_IN_FRAMEWORK_HEADER = YES;
				CLANG_WARN_RANGE_LOOP_ANALYSIS = YES;
				CLANG_WARN_STRICT_PROTOTYPES = YES;
				CLANG_WARN_SUSPICIOUS_MOVE = YES;
				CLANG_WARN_UNGUARDED_AVAILABILITY = YES_AGGRESSIVE;
				CLANG_WARN_UNREACHABLE_CODE = YES;
				CLANG_WARN__DUPLICATE_METHOD_MATCH = YES;
				COPY_PHASE_STRIP = NO;
				DEBUG_INFORMATION_FORMAT = dwarf;
				ENABLE_STRICT_OBJC_MSGSEND = YES;
				ENABLE_TESTABILITY = YES;
				GCC_C_LANGUAGE_STANDARD = gnu11;
				GCC_DYNAMIC_NO_PIC = NO;
				GCC_NO_COMMON_BLOCKS = YES;
				GCC_OPTIMIZATION_LEVEL = 0;
				GCC_PREPROCESSOR_DEFINITIONS = (
					"DEBUG=1",
					"$(inherited)",
				);
				GCC_WARN_64_TO_32_BIT_CONVERSION = YES;
				GCC_WARN_ABOUT_RETURN_TYPE = YES_ERROR;
				GCC_WARN_UNDECLARED_SELECTOR = YES;
				GCC_WARN_UNINITIALIZED_AUTOS = YES_AGGRESSIVE;
				GCC_WARN_UNUSED_FUNCTION = YES;
				GCC_WARN_UNUSED_VARIABLE = YES;
				IPHONEOS_DEPLOYMENT_TARGET = 16.2;
				MTL_ENABLE_DEBUG_INFO = INCLUDE_SOURCE;
				MTL_FAST_MATH = YES;
				ONLY_ACTIVE_ARCH = YES;
				SDKROOT = iphoneos;
				SWIFT_ACTIVE_COMPILATION_CONDITIONS = DEBUG;
				SWIFT_OPTIMIZATION_LEVEL = "-Onone";
			};
			name = Debug;
		};
		F1C31E512A0756DF007CE75A /* Release */ = {
			isa = XCBuildConfiguration;
			buildSettings = {
				ALWAYS_SEARCH_USER_PATHS = NO;
				CLANG_ANALYZER_NONNULL = YES;
				CLANG_ANALYZER_NUMBER_OBJECT_CONVERSION = YES_AGGRESSIVE;
				CLANG_CXX_LANGUAGE_STANDARD = "gnu++20";
				CLANG_ENABLE_MODULES = YES;
				CLANG_ENABLE_OBJC_ARC = YES;
				CLANG_ENABLE_OBJC_WEAK = YES;
				CLANG_WARN_BLOCK_CAPTURE_AUTORELEASING = YES;
				CLANG_WARN_BOOL_CONVERSION = YES;
				CLANG_WARN_COMMA = YES;
				CLANG_WARN_CONSTANT_CONVERSION = YES;
				CLANG_WARN_DEPRECATED_OBJC_IMPLEMENTATIONS = YES;
				CLANG_WARN_DIRECT_OBJC_ISA_USAGE = YES_ERROR;
				CLANG_WARN_DOCUMENTATION_COMMENTS = YES;
				CLANG_WARN_EMPTY_BODY = YES;
				CLANG_WARN_ENUM_CONVERSION = YES;
				CLANG_WARN_INFINITE_RECURSION = YES;
				CLANG_WARN_INT_CONVERSION = YES;
				CLANG_WARN_NON_LITERAL_NULL_CONVERSION = YES;
				CLANG_WARN_OBJC_IMPLICIT_RETAIN_SELF = YES;
				CLANG_WARN_OBJC_LITERAL_CONVERSION = YES;
				CLANG_WARN_OBJC_ROOT_CLASS = YES_ERROR;
				CLANG_WARN_QUOTED_INCLUDE_IN_FRAMEWORK_HEADER = YES;
				CLANG_WARN_RANGE_LOOP_ANALYSIS = YES;
				CLANG_WARN_STRICT_PROTOTYPES = YES;
				CLANG_WARN_SUSPICIOUS_MOVE = YES;
				CLANG_WARN_UNGUARDED_AVAILABILITY = YES_AGGRESSIVE;
				CLANG_WARN_UNREACHABLE_CODE = YES;
				CLANG_WARN__DUPLICATE_METHOD_MATCH = YES;
				COPY_PHASE_STRIP = NO;
				DEBUG_INFORMATION_FORMAT = "dwarf-with-dsym";
				ENABLE_NS_ASSERTIONS = NO;
				ENABLE_STRICT_OBJC_MSGSEND = YES;
				GCC_C_LANGUAGE_STANDARD = gnu11;
				GCC_NO_COMMON_BLOCKS = YES;
				GCC_WARN_64_TO_32_BIT_CONVERSION = YES;
				GCC_WARN_ABOUT_RETURN_TYPE = YES_ERROR;
				GCC_WARN_UNDECLARED_SELECTOR = YES;
				GCC_WARN_UNINITIALIZED_AUTOS = YES_AGGRESSIVE;
				GCC_WARN_UNUSED_FUNCTION = YES;
				GCC_WARN_UNUSED_VARIABLE = YES;
				IPHONEOS_DEPLOYMENT_TARGET = 16.2;
				MTL_ENABLE_DEBUG_INFO = NO;
				MTL_FAST_MATH = YES;
				SDKROOT = iphoneos;
				SWIFT_COMPILATION_MODE = wholemodule;
				SWIFT_OPTIMIZATION_LEVEL = "-O";
				VALIDATE_PRODUCT = YES;
			};
			name = Release;
		};
		F1C31E532A0756DF007CE75A /* Debug */ = {
			isa = XCBuildConfiguration;
			baseConfigurationReference = 7708EBD904601268CE84C294 /* Pods-DB_M3_FirestoreAuth.debug.xcconfig */;
			buildSettings = {
				ASSETCATALOG_COMPILER_APPICON_NAME = AppIcon;
				ASSETCATALOG_COMPILER_GLOBAL_ACCENT_COLOR_NAME = AccentColor;
				CODE_SIGN_STYLE = Automatic;
				CURRENT_PROJECT_VERSION = 1;
				DEVELOPMENT_ASSET_PATHS = "\"DB_M3_FirestoreAuth/Preview Content\"";
				DEVELOPMENT_TEAM = 6W96N4J2BC;
				ENABLE_PREVIEWS = YES;
				GENERATE_INFOPLIST_FILE = YES;
				INFOPLIST_KEY_UIApplicationSceneManifest_Generation = YES;
				INFOPLIST_KEY_UIApplicationSupportsIndirectInputEvents = YES;
				INFOPLIST_KEY_UILaunchScreen_Generation = YES;
				INFOPLIST_KEY_UISupportedInterfaceOrientations_iPad = "UIInterfaceOrientationPortrait UIInterfaceOrientationPortraitUpsideDown UIInterfaceOrientationLandscapeLeft UIInterfaceOrientationLandscapeRight";
				INFOPLIST_KEY_UISupportedInterfaceOrientations_iPhone = "UIInterfaceOrientationPortrait UIInterfaceOrientationLandscapeLeft UIInterfaceOrientationLandscapeRight";
				LD_RUNPATH_SEARCH_PATHS = (
					"$(inherited)",
					"@executable_path/Frameworks",
				);
				MARKETING_VERSION = 1.0;
				PRODUCT_BUNDLE_IDENTIFIER = "com.monty.DB-M3-FirestoreAuth";
				PRODUCT_NAME = "$(TARGET_NAME)";
				SWIFT_EMIT_LOC_STRINGS = YES;
				SWIFT_VERSION = 5.0;
				TARGETED_DEVICE_FAMILY = "1,2";
			};
			name = Debug;
		};
		F1C31E542A0756DF007CE75A /* Release */ = {
			isa = XCBuildConfiguration;
			baseConfigurationReference = 78218953B70ED613E8252D4F /* Pods-DB_M3_FirestoreAuth.release.xcconfig */;
			buildSettings = {
				ASSETCATALOG_COMPILER_APPICON_NAME = AppIcon;
				ASSETCATALOG_COMPILER_GLOBAL_ACCENT_COLOR_NAME = AccentColor;
				CODE_SIGN_STYLE = Automatic;
				CURRENT_PROJECT_VERSION = 1;
				DEVELOPMENT_ASSET_PATHS = "\"DB_M3_FirestoreAuth/Preview Content\"";
				DEVELOPMENT_TEAM = 6W96N4J2BC;
				ENABLE_PREVIEWS = YES;
				GENERATE_INFOPLIST_FILE = YES;
				INFOPLIST_KEY_UIApplicationSceneManifest_Generation = YES;
				INFOPLIST_KEY_UIApplicationSupportsIndirectInputEvents = YES;
				INFOPLIST_KEY_UILaunchScreen_Generation = YES;
				INFOPLIST_KEY_UISupportedInterfaceOrientations_iPad = "UIInterfaceOrientationPortrait UIInterfaceOrientationPortraitUpsideDown UIInterfaceOrientationLandscapeLeft UIInterfaceOrientationLandscapeRight";
				INFOPLIST_KEY_UISupportedInterfaceOrientations_iPhone = "UIInterfaceOrientationPortrait UIInterfaceOrientationLandscapeLeft UIInterfaceOrientationLandscapeRight";
				LD_RUNPATH_SEARCH_PATHS = (
					"$(inherited)",
					"@executable_path/Frameworks",
				);
				MARKETING_VERSION = 1.0;
				PRODUCT_BUNDLE_IDENTIFIER = "com.monty.DB-M3-FirestoreAuth";
				PRODUCT_NAME = "$(TARGET_NAME)";
				SWIFT_EMIT_LOC_STRINGS = YES;
				SWIFT_VERSION = 5.0;
				TARGETED_DEVICE_FAMILY = "1,2";
			};
			name = Release;
		};
/* End XCBuildConfiguration section */

/* Begin XCConfigurationList section */
		F1C31E3F2A0756DE007CE75A /* Build configuration list for PBXProject "DB_M3_FirestoreAuth" */ = {
			isa = XCConfigurationList;
			buildConfigurations = (
				F1C31E502A0756DF007CE75A /* Debug */,
				F1C31E512A0756DF007CE75A /* Release */,
			);
			defaultConfigurationIsVisible = 0;
			defaultConfigurationName = Release;
		};
		F1C31E522A0756DF007CE75A /* Build configuration list for PBXNativeTarget "DB_M3_FirestoreAuth" */ = {
			isa = XCConfigurationList;
			buildConfigurations = (
				F1C31E532A0756DF007CE75A /* Debug */,
				F1C31E542A0756DF007CE75A /* Release */,
			);
			defaultConfigurationIsVisible = 0;
			defaultConfigurationName = Release;
		};
/* End XCConfigurationList section */
	};
	rootObject = F1C31E3C2A0756DE007CE75A /* Project object */;
}
